github.com/agherasim/calscript_lang v0.1.0 h1:5isKfSquj+s/bFIu08d74RQwC9KXHBpN2dBkMdA5ZeI=
github.com/agherasim/calscript_lang v0.1.0/go.mod h1:1ySBBIHmK/5t8n4lGd26IFkFlK+BUij8cjo/w48kpYE=
github.com/agherasim/calscript_lang v0.1.1 h1:MDvjFS5AG4115AbNl4TJLbu/11MKpbHkXgPnHrDJbpU=
github.com/agherasim/calscript_lang v0.1.1/go.mod h1:UsREMIeFuaDYB6W3s7im84uLVu72TmPqu83mKBYNXGo=
github.com/antlr/antlr4 v0.0.0-20191115170859-54daca92f7b0 h1:0KQd13aBgdE/X0UW8Mrs/Icfkix5h5g91kDIKpfUjFo=
github.com/antlr/antlr4 v0.0.0-20191115170859-54daca92f7b0/go.mod h1:T7PbCXFs94rrTttyxjbyT5+/1V8T2TYDejxUfHJjw1Y=
